// !$*UTF8*$!
{
	archiveVersion = 1;
	classes = {
	};
	objectVersion = 46;
	objects = {

/* Begin PBXBuildFile section */
		131B0C821CEE1B64003932EA /* AppDelegate.swift in Sources */ = {isa = PBXBuildFile; fileRef = 131B0C811CEE1B64003932EA /* AppDelegate.swift */; };
		131B0C841CEE1B64003932EA /* CalculatorViewController.swift in Sources */ = {isa = PBXBuildFile; fileRef = 131B0C831CEE1B64003932EA /* CalculatorViewController.swift */; };
		131B0C871CEE1B64003932EA /* Main.storyboard in Resources */ = {isa = PBXBuildFile; fileRef = 131B0C851CEE1B64003932EA /* Main.storyboard */; };
		131B0C891CEE1B64003932EA /* Assets.xcassets in Resources */ = {isa = PBXBuildFile; fileRef = 131B0C881CEE1B64003932EA /* Assets.xcassets */; };
		131B0C8C1CEE1B64003932EA /* LaunchScreen.storyboard in Resources */ = {isa = PBXBuildFile; fileRef = 131B0C8A1CEE1B64003932EA /* LaunchScreen.storyboard */; };
		13DB80101CEE60D100064399 /* Calculator.swift in Sources */ = {isa = PBXBuildFile; fileRef = 13DB800F1CEE60D100064399 /* Calculator.swift */; };
/* End PBXBuildFile section */

/* Begin PBXFileReference section */
		131B0C7E1CEE1B64003932EA /* Calculator.app */ = {isa = PBXFileReference; explicitFileType = wrapper.application; includeInIndex = 0; path = Calculator.app; sourceTree = BUILT_PRODUCTS_DIR; };
		131B0C811CEE1B64003932EA /* AppDelegate.swift */ = {isa = PBXFileReference; lastKnownFileType = sourcecode.swift; path = AppDelegate.swift; sourceTree = "<group>"; };
		131B0C831CEE1B64003932EA /* CalculatorViewController.swift */ = {isa = PBXFileReference; lastKnownFileType = sourcecode.swift; path = CalculatorViewController.swift; sourceTree = "<group>"; };
		131B0C861CEE1B64003932EA /* Base */ = {isa = PBXFileReference; lastKnownFileType = file.storyboard; name = Base; path = Base.lproj/Main.storyboard; sourceTree = "<group>"; };
		131B0C881CEE1B64003932EA /* Assets.xcassets */ = {isa = PBXFileReference; lastKnownFileType = folder.assetcatalog; path = Assets.xcassets; sourceTree = "<group>"; };
		131B0C8B1CEE1B64003932EA /* Base */ = {isa = PBXFileReference; lastKnownFileType = file.storyboard; name = Base; path = Base.lproj/LaunchScreen.storyboard; sourceTree = "<group>"; };
		131B0C8D1CEE1B64003932EA /* Info.plist */ = {isa = PBXFileReference; lastKnownFileType = text.plist.xml; path = Info.plist; sourceTree = "<group>"; };
		13DB800F1CEE60D100064399 /* Calculator.swift */ = {isa = PBXFileReference; fileEncoding = 4; lastKnownFileType = sourcecode.swift; path = Calculator.swift; sourceTree = "<group>"; };
/* End PBXFileReference section */

/* Begin PBXFrameworksBuildPhase section */
		131B0C7B1CEE1B64003932EA /* Frameworks */ = {
			isa = PBXFrameworksBuildPhase;
			buildActionMask = 2147483647;
			files = (
			);
			runOnlyForDeploymentPostprocessing = 0;
		};
/* End PBXFrameworksBuildPhase section */

/* Begin PBXGroup section */
		131B0C751CEE1B64003932EA = {
			isa = PBXGroup;
			children = (
				131B0C801CEE1B64003932EA /* Calculator */,
				131B0C7F1CEE1B64003932EA /* Products */,
			);
			sourceTree = "<group>";
		};
		131B0C7F1CEE1B64003932EA /* Products */ = {
			isa = PBXGroup;
			children = (
				131B0C7E1CEE1B64003932EA /* Calculator.app */,
			);
			name = Products;
			sourceTree = "<group>";
		};
		131B0C801CEE1B64003932EA /* Calculator */ = {
			isa = PBXGroup;
			children = (
				131B0C961CEE1B9F003932EA /* Model */,
				131B0C941CEE1B89003932EA /* Controllers */,
				131B0C951CEE1B95003932EA /* Views */,
				131B0C931CEE1B73003932EA /* Support */,
			);
			path = Calculator;
			sourceTree = "<group>";
		};
		131B0C931CEE1B73003932EA /* Support */ = {
			isa = PBXGroup;
			children = (
				131B0C811CEE1B64003932EA /* AppDelegate.swift */,
				131B0C881CEE1B64003932EA /* Assets.xcassets */,
				131B0C8A1CEE1B64003932EA /* LaunchScreen.storyboard */,
				131B0C8D1CEE1B64003932EA /* Info.plist */,
			);
			name = Support;
			sourceTree = "<group>";
		};
		131B0C941CEE1B89003932EA /* Controllers */ = {
			isa = PBXGroup;
			children = (
				131B0C831CEE1B64003932EA /* CalculatorViewController.swift */,
			);
			name = Controllers;
			sourceTree = "<group>";
		};
		131B0C951CEE1B95003932EA /* Views */ = {
			isa = PBXGroup;
			children = (
				131B0C851CEE1B64003932EA /* Main.storyboard */,
			);
			name = Views;
			sourceTree = "<group>";
		};
		131B0C961CEE1B9F003932EA /* Model */ = {
			isa = PBXGroup;
			children = (
				13DB800F1CEE60D100064399 /* Calculator.swift */,
			);
			name = Model;
			sourceTree = "<group>";
		};
/* End PBXGroup section */

/* Begin PBXNativeTarget section */
		131B0C7D1CEE1B64003932EA /* Calculator */ = {
			isa = PBXNativeTarget;
			buildConfigurationList = 131B0C901CEE1B64003932EA /* Build configuration list for PBXNativeTarget "Calculator" */;
			buildPhases = (
				131B0C7A1CEE1B64003932EA /* Sources */,
				131B0C7B1CEE1B64003932EA /* Frameworks */,
				131B0C7C1CEE1B64003932EA /* Resources */,
			);
			buildRules = (
			);
			dependencies = (
			);
			name = Calculator;
			productName = Calculator;
			productReference = 131B0C7E1CEE1B64003932EA /* Calculator.app */;
			productType = "com.apple.product-type.application";
		};
/* End PBXNativeTarget section */

/* Begin PBXProject section */
		131B0C761CEE1B64003932EA /* Project object */ = {
			isa = PBXProject;
			attributes = {
				LastSwiftUpdateCheck = 0710;
				LastUpgradeCheck = 0710;
				ORGANIZATIONNAME = "Carlos Alcala";
				TargetAttributes = {
					131B0C7D1CEE1B64003932EA = {
						CreatedOnToolsVersion = 7.1;
					};
				};
			};
			buildConfigurationList = 131B0C791CEE1B64003932EA /* Build configuration list for PBXProject "Calculator" */;
			compatibilityVersion = "Xcode 3.2";
			developmentRegion = English;
			hasScannedForEncodings = 0;
			knownRegions = (
				en,
				Base,
			);
			mainGroup = 131B0C751CEE1B64003932EA;
			productRefGroup = 131B0C7F1CEE1B64003932EA /* Products */;
			projectDirPath = "";
			projectRoot = "";
			targets = (
				131B0C7D1CEE1B64003932EA /* Calculator */,
			);
		};
/* End PBXProject section */

/* Begin PBXResourcesBuildPhase section */
		131B0C7C1CEE1B64003932EA /* Resources */ = {
			isa = PBXResourcesBuildPhase;
			buildActionMask = 2147483647;
			files = (
				131B0C8C1CEE1B64003932EA /* LaunchScreen.storyboard in Resources */,
				131B0C891CEE1B64003932EA /* Assets.xcassets in Resources */,
				131B0C871CEE1B64003932EA /* Main.storyboard in Resources */,
			);
			runOnlyForDeploymentPostprocessing = 0;
		};
/* End PBXResourcesBuildPhase section */

/* Begin PBXSourcesBuildPhase section */
		131B0C7A1CEE1B64003932EA /* Sources */ = {
			isa = PBXSourcesBuildPhase;
			buildActionMask = 2147483647;
			files = (
				131B0C841CEE1B64003932EA /* CalculatorViewController.swift in Sources */,
				131B0C821CEE1B64003932EA /* AppDelegate.swift in Sources */,
				13DB80101CEE60D100064399 /* Calculator.swift in Sources */,
			);
			runOnlyForDeploymentPostprocessing = 0;
		};
/* End PBXSourcesBuildPhase section */

/* Begin PBXVariantGroup section */
		131B0C851CEE1B64003932EA /* Main.storyboard */ = {
			isa = PBXVariantGroup;
			children = (
				131B0C861CEE1B64003932EA /* Base */,
			);
			name = Main.storyboard;
			sourceTree = "<group>";
		};
		131B0C8A1CEE1B64003932EA /* LaunchScreen.storyboard */ = {
			isa = PBXVariantGroup;
			children = (
				131B0C8B1CEE1B64003932EA /* Base */,
			);
			name = LaunchScreen.storyboard;
			sourceTree = "<group>";
		};
/* End PBXVariantGroup section */

/* Begin XCBuildConfiguration section */
		131B0C8E1CEE1B64003932EA /* Debug */ = {
			isa = XCBuildConfiguration;
			buildSettings = {
				ALWAYS_SEARCH_USER_PATHS = NO;
				CLANG_CXX_LANGUAGE_STANDARD = "gnu++0x";
				CLANG_CXX_LIBRARY = "libc++";
				CLANG_ENABLE_MODULES = YES;
				CLANG_ENABLE_OBJC_ARC = YES;
				CLANG_WARN_BOOL_CONVERSION = YES;
				CLANG_WARN_CONSTANT_CONVERSION = YES;
				CLANG_WARN_DIRECT_OBJC_ISA_USAGE = YES_ERROR;
				CLANG_WARN_EMPTY_BODY = YES;
				CLANG_WARN_ENUM_CONVERSION = YES;
				CLANG_WARN_INT_CONVERSION = YES;
				CLANG_WARN_OBJC_ROOT_CLASS = YES_ERROR;
				CLANG_WARN_UNREACHABLE_CODE = YES;
				CLANG_WARN__DUPLICATE_METHOD_MATCH = YES;
				"CODE_SIGN_IDENTITY[sdk=iphoneos*]" = "iPhone Developer";
				COPY_PHASE_STRIP = NO;
				DEBUG_INFORMATION_FORMAT = dwarf;
				ENABLE_STRICT_OBJC_MSGSEND = YES;
				ENABLE_TESTABILITY = YES;
				GCC_C_LANGUAGE_STANDARD = gnu99;
				GCC_DYNAMIC_NO_PIC = NO;
				GCC_NO_COMMON_BLOCKS = YES;
				GCC_OPTIMIZATION_LEVEL = 0;
				GCC_PREPROCESSOR_DEFINITIONS = (
					"DEBUG=1",
					"$(inherited)",
				);
				GCC_WARN_64_TO_32_BIT_CONVERSION = YES;
				GCC_WARN_ABOUT_RETURN_TYPE = YES_ERROR;
				GCC_WARN_UNDECLARED_SELECTOR = YES;
				GCC_WARN_UNINITIALIZED_AUTOS = YES_AGGRESSIVE;
				GCC_WARN_UNUSED_FUNCTION = YES;
				GCC_WARN_UNUSED_VARIABLE = YES;
				IPHONEOS_DEPLOYMENT_TARGET = 9.1;
				MTL_ENABLE_DEBUG_INFO = YES;
				ONLY_ACTIVE_ARCH = YES;
				SDKROOT = iphoneos;
				SWIFT_OPTIMIZATION_LEVEL = "-Onone";
				TARGETED_DEVICE_FAMILY = "1,2";
			};
			name = Debug;
		};
		131B0C8F1CEE1B64003932EA /* Release */ = {
			isa = XCBuildConfiguration;
			buildSettings = {
				ALWAYS_SEARCH_USER_PATHS = NO;
				CLANG_CXX_LANGUAGE_STANDARD = "gnu++0x";
				CLANG_CXX_LIBRARY = "libc++";
				CLANG_ENABLE_MODULES = YES;
				CLANG_ENABLE_OBJC_ARC = YES;
				CLANG_WARN_BOOL_CONVERSION = YES;
				CLANG_WARN_CONSTANT_CONVERSION = YES;
				CLANG_WARN_DIRECT_OBJC_ISA_USAGE = YES_ERROR;
				CLANG_WARN_EMPTY_BODY = YES;
				CLANG_WARN_ENUM_CONVERSION = YES;
				CLANG_WARN_INT_CONVERSION = YES;
				CLANG_WARN_OBJC_ROOT_CLASS = YES_ERROR;
				CLANG_WARN_UNREACHABLE_CODE = YES;
				CLANG_WARN__DUPLICATE_METHOD_MATCH = YES;
				"CODE_SIGN_IDENTITY[sdk=iphoneos*]" = "iPhone Developer";
				COPY_PHASE_STRIP = NO;
				DEBUG_INFORMATION_FORMAT = "dwarf-with-dsym";
				ENABLE_NS_ASSERTIONS = NO;
				ENABLE_STRICT_OBJC_MSGSEND = YES;
				GCC_C_LANGUAGE_STANDARD = gnu99;
				GCC_NO_COMMON_BLOCKS = YES;
				GCC_WARN_64_TO_32_BIT_CONVERSION = YES;
				GCC_WARN_ABOUT_RETURN_TYPE = YES_ERROR;
				GCC_WARN_UNDECLARED_SELECTOR = YES;
				GCC_WARN_UNINITIALIZED_AUTOS = YES_AGGRESSIVE;
				GCC_WARN_UNUSED_FUNCTION = YES;
				GCC_WARN_UNUSED_VARIABLE = YES;
				IPHONEOS_DEPLOYMENT_TARGET = 9.1;
				MTL_ENABLE_DEBUG_INFO = NO;
				SDKROOT = iphoneos;
				TARGETED_DEVICE_FAMILY = "1,2";
				VALIDATE_PRODUCT = YES;
			};
			name = Release;
		};
		131B0C911CEE1B64003932EA /* Debug */ = {
			isa = XCBuildConfiguration;
			buildSettings = {
				ASSETCATALOG_COMPILER_APPICON_NAME = AppIcon;
				INFOPLIST_FILE = Calculator/Info.plist;
				LD_RUNPATH_SEARCH_PATHS = "$(inherited) @executable_path/Frameworks";
				PRODUCT_BUNDLE_IDENTIFIER = com.kurrentap.Calculator;
				PRODUCT_NAME = "$(TARGET_NAME)";
			};
			name = Debug;
		};
		131B0C921CEE1B64003932EA /* Release */ = {
			isa = XCBuildConfiguration;
			buildSettings = {
				ASSETCATALOG_COMPILER_APPICON_NAME = AppIcon;
				INFOPLIST_FILE = Calculator/Info.plist;
				LD_RUNPATH_SEARCH_PATHS = "$(inherited) @executable_path/Frameworks";
				PRODUCT_BUNDLE_IDENTIFIER = com.kurrentap.Calculator;
				PRODUCT_NAME = "$(TARGET_NAME)";
			};
			name = Release;
		};
/* End XCBuildConfiguration section */

/* Begin XCConfigurationList section */
		131B0C791CEE1B64003932EA /* Build configuration list for PBXProject "Calculator" */ = {
			isa = XCConfigurationList;
			buildConfigurations = (
				131B0C8E1CEE1B64003932EA /* Debug */,
				131B0C8F1CEE1B64003932EA /* Release */,
			);
			defaultConfigurationIsVisible = 0;
			defaultConfigurationName = Release;
		};
		131B0C901CEE1B64003932EA /* Build configuration list for PBXNativeTarget "Calculator" */ = {
			isa = XCConfigurationList;
			buildConfigurations = (
				131B0C911CEE1B64003932EA /* Debug */,
				131B0C921CEE1B64003932EA /* Release */,
			);
			defaultConfigurationIsVisible = 0;
			defaultConfigurationName = Release;
		};
/* End XCConfigurationList section */
	};
	rootObject = 131B0C761CEE1B64003932EA /* Project object */;
}
